
Microsoft Visual Studio Solution File, Format Version 12.00
# Visual Studio Version 16
VisualStudioVersion = 16.0.31729.503
MinimumVisualStudioVersion = 10.0.40219.1
Project("{8BC9CEB8-8B4A-11D0-8D11-00A0C91BC942}") = "Practice", "Practice.vcxproj", "{722E09DD-CD0C-4EAE-8A54-F455BF5FB133}"
EndProject
Global
	GlobalSection(SolutionConfigurationPlatforms) = preSolution
		Debug|x64 = Debug|x64
		Debug|x86 = Debug|x86
		Release|x64 = Release|x64
		Release|x86 = Release|x86
	EndGlobalSection
	GlobalSection(ProjectConfigurationPlatforms) = postSolution
		{722E09DD-CD0C-4EAE-8A54-F455BF5FB133}.Debug|x64.ActiveCfg = Debug|x64
		{722E09DD-CD0C-4EAE-8A54-F455BF5FB133}.Debug|x64.Build.0 = Debug|x64
		{722E09DD-CD0C-4EAE-8A54-F455BF5FB133}.Debug|x86.ActiveCfg = Debug|Win32
		{722E09DD-CD0C-4EAE-8A54-F455BF5FB133}.Debug|x86.Build.0 = Debug|Win32
		{722E09DD-CD0C-4EAE-8A54-F455BF5FB133}.Release|x64.ActiveCfg = Release|x64
		{722E09DD-CD0C-4EAE-8A54-F455BF5FB133}.Release|x64.Build.0 = Release|x64
		{722E09DD-CD0C-4EAE-8A54-F455BF5FB133}.Release|x86.ActiveCfg = Release|Win32
		{722E09DD-CD0C-4EAE-8A54-F455BF5FB133}.Release|x86.Build.0 = Release|Win32
	EndGlobalSection
	GlobalSection(SolutionProperties) = preSolution
		HideSolutionNode = FALSE
	EndGlobalSection
	GlobalSection(ExtensibilityGlobals) = postSolution
		SolutionGuid = {BE3FBAD0-83D4-4881-8FA2-386F5E512A15}
	EndGlobalSection
EndGlobal
